
Microsoft Visual Studio Solution File, Format Version 12.00
Project("{FAE04EC0-301F-11D3-BF4B-00C04F79EFBC}") = "StocksProcessor", "StocksProcessor\StocksProcessor.csproj", "{C020D6F5-D988-42B6-B965-C97F03BC421A}"
EndProject
Global
	GlobalSection(SolutionConfigurationPlatforms) = preSolution
		Debug|Any CPU = Debug|Any CPU
		Release|Any CPU = Release|Any CPU
	EndGlobalSection
	GlobalSection(ProjectConfigurationPlatforms) = postSolution
		{C020D6F5-D988-42B6-B965-C97F03BC421A}.Debug|Any CPU.ActiveCfg = Debug|Any CPU
		{C020D6F5-D988-42B6-B965-C97F03BC421A}.Debug|Any CPU.Build.0 = Debug|Any CPU
		{C020D6F5-D988-42B6-B965-C97F03BC421A}.Release|Any CPU.ActiveCfg = Release|Any CPU
		{C020D6F5-D988-42B6-B965-C97F03BC421A}.Release|Any CPU.Build.0 = Release|Any CPU
	EndGlobalSection
EndGlobal
